// !$*UTF8*$!
{
	archiveVersion = 1;
	classes = {
	};
	objectVersion = 51;
	objects = {

/* Begin PBXBuildFile section */
		C41C820F252EF3CE00F5D3DC /* Dowoon.jpg in Resources */ = {isa = PBXBuildFile; fileRef = C41C820E252EF3CE00F5D3DC /* Dowoon.jpg */; };
		C446984225248ED800E5E44C /* GoogleService-Info.plist in Resources */ = {isa = PBXBuildFile; fileRef = C446984125248ED800E5E44C /* GoogleService-Info.plist */; };
		C4520DA42528230A009A0DB3 /* RegisterPage.swift in Sources */ = {isa = PBXBuildFile; fileRef = C4520DA32528230A009A0DB3 /* RegisterPage.swift */; };
		C4672ADB252EB32200B578CE /* Home.swift in Sources */ = {isa = PBXBuildFile; fileRef = C4672ADA252EB32200B578CE /* Home.swift */; };
		C4672ADE252EB34400B578CE /* Account.swift in Sources */ = {isa = PBXBuildFile; fileRef = C4672ADD252EB34400B578CE /* Account.swift */; };
		C4672AE1252EB35300B578CE /* Plan.swift in Sources */ = {isa = PBXBuildFile; fileRef = C4672AE0252EB35300B578CE /* Plan.swift */; };
		C4672AE4252EB36000B578CE /* Settings.swift in Sources */ = {isa = PBXBuildFile; fileRef = C4672AE3252EB36000B578CE /* Settings.swift */; };
		C499BC2D2547E54A0074A316 /* Extensions.swift in Sources */ = {isa = PBXBuildFile; fileRef = C499BC2C2547E54A0074A316 /* Extensions.swift */; };
		C499BC322547F12F0074A316 /* AddingPage.swift in Sources */ = {isa = PBXBuildFile; fileRef = C499BC312547F12F0074A316 /* AddingPage.swift */; };
		C499BC382547FB000074A316 /* Pods_EzSavior.framework in Frameworks */ = {isa = PBXBuildFile; fileRef = 700B78A00865FA313112F1F0 /* Pods_EzSavior.framework */; };
		C499BC392547FB000074A316 /* Pods_EzSavior.framework in Embed Frameworks */ = {isa = PBXBuildFile; fileRef = 700B78A00865FA313112F1F0 /* Pods_EzSavior.framework */; settings = {ATTRIBUTES = (RemoveHeadersOnCopy, ); }; };
		C4BF5DEA25248C5400C0A58F /* AppDelegate.swift in Sources */ = {isa = PBXBuildFile; fileRef = C4BF5DE925248C5400C0A58F /* AppDelegate.swift */; };
		C4BF5DEC25248C5400C0A58F /* SceneDelegate.swift in Sources */ = {isa = PBXBuildFile; fileRef = C4BF5DEB25248C5400C0A58F /* SceneDelegate.swift */; };
		C4BF5DEE25248C5400C0A58F /* ViewController.swift in Sources */ = {isa = PBXBuildFile; fileRef = C4BF5DED25248C5400C0A58F /* ViewController.swift */; };
		C4BF5DF125248C5400C0A58F /* Main.storyboard in Resources */ = {isa = PBXBuildFile; fileRef = C4BF5DEF25248C5400C0A58F /* Main.storyboard */; };
		C4BF5DF325248C5500C0A58F /* Assets.xcassets in Resources */ = {isa = PBXBuildFile; fileRef = C4BF5DF225248C5500C0A58F /* Assets.xcassets */; };
		C4BF5DF625248C5500C0A58F /* LaunchScreen.storyboard in Resources */ = {isa = PBXBuildFile; fileRef = C4BF5DF425248C5500C0A58F /* LaunchScreen.storyboard */; };
/* End PBXBuildFile section */

/* Begin PBXCopyFilesBuildPhase section */
		C499BC3A2547FB000074A316 /* Embed Frameworks */ = {
			isa = PBXCopyFilesBuildPhase;
			buildActionMask = 2147483647;
			dstPath = "";
			dstSubfolderSpec = 10;
			files = (
				C499BC392547FB000074A316 /* Pods_EzSavior.framework in Embed Frameworks */,
			);
			name = "Embed Frameworks";
			runOnlyForDeploymentPostprocessing = 0;
		};
/* End PBXCopyFilesBuildPhase section */

/* Begin PBXFileReference section */
		68460A85898B6EBD40EE4A58 /* Pods-EzSavior.release.xcconfig */ = {isa = PBXFileReference; includeInIndex = 1; lastKnownFileType = text.xcconfig; name = "Pods-EzSavior.release.xcconfig"; path = "Target Support Files/Pods-EzSavior/Pods-EzSavior.release.xcconfig"; sourceTree = "<group>"; };
		700B78A00865FA313112F1F0 /* Pods_EzSavior.framework */ = {isa = PBXFileReference; explicitFileType = wrapper.framework; includeInIndex = 0; path = Pods_EzSavior.framework; sourceTree = BUILT_PRODUCTS_DIR; };
		BD5586174AB73B3E1E7B54B8 /* Pods-EzSavior.debug.xcconfig */ = {isa = PBXFileReference; includeInIndex = 1; lastKnownFileType = text.xcconfig; name = "Pods-EzSavior.debug.xcconfig"; path = "Target Support Files/Pods-EzSavior/Pods-EzSavior.debug.xcconfig"; sourceTree = "<group>"; };
		C41C820E252EF3CE00F5D3DC /* Dowoon.jpg */ = {isa = PBXFileReference; lastKnownFileType = image.jpeg; path = Dowoon.jpg; sourceTree = "<group>"; };
		C446984125248ED800E5E44C /* GoogleService-Info.plist */ = {isa = PBXFileReference; fileEncoding = 4; lastKnownFileType = text.plist.xml; path = "GoogleService-Info.plist"; sourceTree = "<group>"; };
		C4520DA32528230A009A0DB3 /* RegisterPage.swift */ = {isa = PBXFileReference; lastKnownFileType = sourcecode.swift; path = RegisterPage.swift; sourceTree = "<group>"; };
		C4672ADA252EB32200B578CE /* Home.swift */ = {isa = PBXFileReference; lastKnownFileType = sourcecode.swift; path = Home.swift; sourceTree = "<group>"; };
		C4672ADD252EB34400B578CE /* Account.swift */ = {isa = PBXFileReference; lastKnownFileType = sourcecode.swift; path = Account.swift; sourceTree = "<group>"; };
		C4672AE0252EB35300B578CE /* Plan.swift */ = {isa = PBXFileReference; lastKnownFileType = sourcecode.swift; path = Plan.swift; sourceTree = "<group>"; };
		C4672AE3252EB36000B578CE /* Settings.swift */ = {isa = PBXFileReference; lastKnownFileType = sourcecode.swift; path = Settings.swift; sourceTree = "<group>"; };
		C499BC2C2547E54A0074A316 /* Extensions.swift */ = {isa = PBXFileReference; lastKnownFileType = sourcecode.swift; path = Extensions.swift; sourceTree = "<group>"; };
		C499BC312547F12F0074A316 /* AddingPage.swift */ = {isa = PBXFileReference; lastKnownFileType = sourcecode.swift; path = AddingPage.swift; sourceTree = "<group>"; };
		C4BF5DE625248C5400C0A58F /* EzSavior.app */ = {isa = PBXFileReference; explicitFileType = wrapper.application; includeInIndex = 0; path = EzSavior.app; sourceTree = BUILT_PRODUCTS_DIR; };
		C4BF5DE925248C5400C0A58F /* AppDelegate.swift */ = {isa = PBXFileReference; lastKnownFileType = sourcecode.swift; path = AppDelegate.swift; sourceTree = "<group>"; };
		C4BF5DEB25248C5400C0A58F /* SceneDelegate.swift */ = {isa = PBXFileReference; lastKnownFileType = sourcecode.swift; path = SceneDelegate.swift; sourceTree = "<group>"; };
		C4BF5DED25248C5400C0A58F /* ViewController.swift */ = {isa = PBXFileReference; lastKnownFileType = sourcecode.swift; path = ViewController.swift; sourceTree = "<group>"; };
		C4BF5DF025248C5400C0A58F /* Base */ = {isa = PBXFileReference; lastKnownFileType = file.storyboard; name = Base; path = Base.lproj/Main.storyboard; sourceTree = "<group>"; };
		C4BF5DF225248C5500C0A58F /* Assets.xcassets */ = {isa = PBXFileReference; lastKnownFileType = folder.assetcatalog; path = Assets.xcassets; sourceTree = "<group>"; };
		C4BF5DF525248C5500C0A58F /* Base */ = {isa = PBXFileReference; lastKnownFileType = file.storyboard; name = Base; path = Base.lproj/LaunchScreen.storyboard; sourceTree = "<group>"; };
		C4BF5DF725248C5500C0A58F /* Info.plist */ = {isa = PBXFileReference; lastKnownFileType = text.plist.xml; path = Info.plist; sourceTree = "<group>"; };
/* End PBXFileReference section */

/* Begin PBXFrameworksBuildPhase section */
		C4BF5DE325248C5400C0A58F /* Frameworks */ = {
			isa = PBXFrameworksBuildPhase;
			buildActionMask = 2147483647;
			files = (
				C499BC382547FB000074A316 /* Pods_EzSavior.framework in Frameworks */,
			);
			runOnlyForDeploymentPostprocessing = 0;
		};
/* End PBXFrameworksBuildPhase section */

/* Begin PBXGroup section */
		BBB66C56D76801553A73A96D /* Pods */ = {
			isa = PBXGroup;
			children = (
				BD5586174AB73B3E1E7B54B8 /* Pods-EzSavior.debug.xcconfig */,
				68460A85898B6EBD40EE4A58 /* Pods-EzSavior.release.xcconfig */,
			);
			path = Pods;
			sourceTree = "<group>";
		};
		BF4C76CD54348A96BA43BC9D /* Frameworks */ = {
			isa = PBXGroup;
			children = (
				700B78A00865FA313112F1F0 /* Pods_EzSavior.framework */,
			);
			name = Frameworks;
			sourceTree = "<group>";
		};
		C499BC2F2547E5790074A316 /* Main Screen */ = {
			isa = PBXGroup;
			children = (
				C4672ADA252EB32200B578CE /* Home.swift */,
				C4672ADD252EB34400B578CE /* Account.swift */,
				C4672AE0252EB35300B578CE /* Plan.swift */,
				C4672AE3252EB36000B578CE /* Settings.swift */,
				C499BC312547F12F0074A316 /* AddingPage.swift */,
			);
			name = "Main Screen";
			sourceTree = "<group>";
		};
		C4BF5DDD25248C5400C0A58F = {
			isa = PBXGroup;
			children = (
				C41C820E252EF3CE00F5D3DC /* Dowoon.jpg */,
				C4BF5DE825248C5400C0A58F /* EzSavior */,
				C4BF5DE725248C5400C0A58F /* Products */,
				BBB66C56D76801553A73A96D /* Pods */,
				BF4C76CD54348A96BA43BC9D /* Frameworks */,
			);
			sourceTree = "<group>";
		};
		C4BF5DE725248C5400C0A58F /* Products */ = {
			isa = PBXGroup;
			children = (
				C4BF5DE625248C5400C0A58F /* EzSavior.app */,
			);
			name = Products;
			sourceTree = "<group>";
		};
		C4BF5DE825248C5400C0A58F /* EzSavior */ = {
			isa = PBXGroup;
			children = (
				C4BF5DE925248C5400C0A58F /* AppDelegate.swift */,
				C4BF5DEB25248C5400C0A58F /* SceneDelegate.swift */,
				C499BC2C2547E54A0074A316 /* Extensions.swift */,
				C4BF5DEF25248C5400C0A58F /* Main.storyboard */,
				C499BC2F2547E5790074A316 /* Main Screen */,
				C4BF5DED25248C5400C0A58F /* ViewController.swift */,
				C4520DA32528230A009A0DB3 /* RegisterPage.swift */,
				C4BF5DF225248C5500C0A58F /* Assets.xcassets */,
				C4BF5DF425248C5500C0A58F /* LaunchScreen.storyboard */,
				C4BF5DF725248C5500C0A58F /* Info.plist */,
				C446984125248ED800E5E44C /* GoogleService-Info.plist */,
			);
			path = EzSavior;
			sourceTree = "<group>";
		};
/* End PBXGroup section */

/* Begin PBXNativeTarget section */
		C4BF5DE525248C5400C0A58F /* EzSavior */ = {
			isa = PBXNativeTarget;
			buildConfigurationList = C4BF5DFA25248C5500C0A58F /* Build configuration list for PBXNativeTarget "EzSavior" */;
			buildPhases = (
				5D9F2278285FAE53C19F9C0C /* [CP] Check Pods Manifest.lock */,
				C4BF5DE225248C5400C0A58F /* Sources */,
				C4BF5DE325248C5400C0A58F /* Frameworks */,
				C4BF5DE425248C5400C0A58F /* Resources */,
				F0A8759D11043B9FDDF75BBA /* [CP] Embed Pods Frameworks */,
				68634DD6E7A0DF27F2BB5422 /* [CP] Copy Pods Resources */,
				C499BC3A2547FB000074A316 /* Embed Frameworks */,
			);
			buildRules = (
			);
			dependencies = (
			);
			name = EzSavior;
			productName = EzSavior;
			productReference = C4BF5DE625248C5400C0A58F /* EzSavior.app */;
			productType = "com.apple.product-type.application";
		};
/* End PBXNativeTarget section */

/* Begin PBXProject section */
		C4BF5DDE25248C5400C0A58F /* Project object */ = {
			isa = PBXProject;
			attributes = {
				LastSwiftUpdateCheck = 1200;
				LastUpgradeCheck = 1200;
				TargetAttributes = {
					C4BF5DE525248C5400C0A58F = {
						CreatedOnToolsVersion = 12.0.1;
					};
				};
			};
			buildConfigurationList = C4BF5DE125248C5400C0A58F /* Build configuration list for PBXProject "EzSavior" */;
			compatibilityVersion = "Xcode 9.3";
			developmentRegion = en;
			hasScannedForEncodings = 0;
			knownRegions = (
				en,
				Base,
			);
			mainGroup = C4BF5DDD25248C5400C0A58F;
			productRefGroup = C4BF5DE725248C5400C0A58F /* Products */;
			projectDirPath = "";
			projectRoot = "";
			targets = (
				C4BF5DE525248C5400C0A58F /* EzSavior */,
			);
		};
/* End PBXProject section */

/* Begin PBXResourcesBuildPhase section */
		C4BF5DE425248C5400C0A58F /* Resources */ = {
			isa = PBXResourcesBuildPhase;
			buildActionMask = 2147483647;
			files = (
				C4BF5DF625248C5500C0A58F /* LaunchScreen.storyboard in Resources */,
				C4BF5DF325248C5500C0A58F /* Assets.xcassets in Resources */,
				C41C820F252EF3CE00F5D3DC /* Dowoon.jpg in Resources */,
				C446984225248ED800E5E44C /* GoogleService-Info.plist in Resources */,
				C4BF5DF125248C5400C0A58F /* Main.storyboard in Resources */,
			);
			runOnlyForDeploymentPostprocessing = 0;
		};
/* End PBXResourcesBuildPhase section */

/* Begin PBXShellScriptBuildPhase section */
		5D9F2278285FAE53C19F9C0C /* [CP] Check Pods Manifest.lock */ = {
			isa = PBXShellScriptBuildPhase;
			buildActionMask = 2147483647;
			files = (
			);
			inputFileListPaths = (
			);
			inputPaths = (
				"${PODS_PODFILE_DIR_PATH}/Podfile.lock",
				"${PODS_ROOT}/Manifest.lock",
			);
			name = "[CP] Check Pods Manifest.lock";
			outputFileListPaths = (
			);
			outputPaths = (
				"$(DERIVED_FILE_DIR)/Pods-EzSavior-checkManifestLockResult.txt",
			);
			runOnlyForDeploymentPostprocessing = 0;
			shellPath = /bin/sh;
			shellScript = "diff \"${PODS_PODFILE_DIR_PATH}/Podfile.lock\" \"${PODS_ROOT}/Manifest.lock\" > /dev/null\nif [ $? != 0 ] ; then\n    # print error to STDERR\n    echo \"error: The sandbox is not in sync with the Podfile.lock. Run 'pod install' or update your CocoaPods installation.\" >&2\n    exit 1\nfi\n# This output is used by Xcode 'outputs' to avoid re-running this script phase.\necho \"SUCCESS\" > \"${SCRIPT_OUTPUT_FILE_0}\"\n";
			showEnvVarsInLog = 0;
		};
		68634DD6E7A0DF27F2BB5422 /* [CP] Copy Pods Resources */ = {
			isa = PBXShellScriptBuildPhase;
			buildActionMask = 2147483647;
			files = (
			);
			inputFileListPaths = (
				"${PODS_ROOT}/Target Support Files/Pods-EzSavior/Pods-EzSavior-resources-${CONFIGURATION}-input-files.xcfilelist",
			);
			name = "[CP] Copy Pods Resources";
			outputFileListPaths = (
				"${PODS_ROOT}/Target Support Files/Pods-EzSavior/Pods-EzSavior-resources-${CONFIGURATION}-output-files.xcfilelist",
			);
			runOnlyForDeploymentPostprocessing = 0;
			shellPath = /bin/sh;
			shellScript = "\"${PODS_ROOT}/Target Support Files/Pods-EzSavior/Pods-EzSavior-resources.sh\"\n";
			showEnvVarsInLog = 0;
		};
		F0A8759D11043B9FDDF75BBA /* [CP] Embed Pods Frameworks */ = {
			isa = PBXShellScriptBuildPhase;
			buildActionMask = 2147483647;
			files = (
			);
			inputFileListPaths = (
				"${PODS_ROOT}/Target Support Files/Pods-EzSavior/Pods-EzSavior-frameworks-${CONFIGURATION}-input-files.xcfilelist",
			);
			name = "[CP] Embed Pods Frameworks";
			outputFileListPaths = (
				"${PODS_ROOT}/Target Support Files/Pods-EzSavior/Pods-EzSavior-frameworks-${CONFIGURATION}-output-files.xcfilelist",
			);
			runOnlyForDeploymentPostprocessing = 0;
			shellPath = /bin/sh;
			shellScript = "\"${PODS_ROOT}/Target Support Files/Pods-EzSavior/Pods-EzSavior-frameworks.sh\"\n";
			showEnvVarsInLog = 0;
		};
/* End PBXShellScriptBuildPhase section */

/* Begin PBXSourcesBuildPhase section */
		C4BF5DE225248C5400C0A58F /* Sources */ = {
			isa = PBXSourcesBuildPhase;
			buildActionMask = 2147483647;
			files = (
				C4672ADB252EB32200B578CE /* Home.swift in Sources */,
				C499BC2D2547E54A0074A316 /* Extensions.swift in Sources */,
				C4520DA42528230A009A0DB3 /* RegisterPage.swift in Sources */,
				C499BC322547F12F0074A316 /* AddingPage.swift in Sources */,
				C4672ADE252EB34400B578CE /* Account.swift in Sources */,
				C4672AE1252EB35300B578CE /* Plan.swift in Sources */,
				C4BF5DEE25248C5400C0A58F /* ViewController.swift in Sources */,
				C4BF5DEA25248C5400C0A58F /* AppDelegate.swift in Sources */,
				C4BF5DEC25248C5400C0A58F /* SceneDelegate.swift in Sources */,
				C4672AE4252EB36000B578CE /* Settings.swift in Sources */,
			);
			runOnlyForDeploymentPostprocessing = 0;
		};
/* End PBXSourcesBuildPhase section */

/* Begin PBXVariantGroup section */
		C4BF5DEF25248C5400C0A58F /* Main.storyboard */ = {
			isa = PBXVariantGroup;
			children = (
				C4BF5DF025248C5400C0A58F /* Base */,
			);
			name = Main.storyboard;
			sourceTree = "<group>";
		};
		C4BF5DF425248C5500C0A58F /* LaunchScreen.storyboard */ = {
			isa = PBXVariantGroup;
			children = (
				C4BF5DF525248C5500C0A58F /* Base */,
			);
			name = LaunchScreen.storyboard;
			sourceTree = "<group>";
		};
/* End PBXVariantGroup section */

/* Begin XCBuildConfiguration section */
		C4BF5DF825248C5500C0A58F /* Debug */ = {
			isa = XCBuildConfiguration;
			buildSettings = {
				ALWAYS_SEARCH_USER_PATHS = NO;
				CLANG_ANALYZER_NONNULL = YES;
				CLANG_ANALYZER_NUMBER_OBJECT_CONVERSION = YES_AGGRESSIVE;
				CLANG_CXX_LANGUAGE_STANDARD = "gnu++14";
				CLANG_CXX_LIBRARY = "libc++";
				CLANG_ENABLE_MODULES = YES;
				CLANG_ENABLE_OBJC_ARC = YES;
				CLANG_ENABLE_OBJC_WEAK = YES;
				CLANG_WARN_BLOCK_CAPTURE_AUTORELEASING = YES;
				CLANG_WARN_BOOL_CONVERSION = YES;
				CLANG_WARN_COMMA = YES;
				CLANG_WARN_CONSTANT_CONVERSION = YES;
				CLANG_WARN_DEPRECATED_OBJC_IMPLEMENTATIONS = YES;
				CLANG_WARN_DIRECT_OBJC_ISA_USAGE = YES_ERROR;
				CLANG_WARN_DOCUMENTATION_COMMENTS = YES;
				CLANG_WARN_EMPTY_BODY = YES;
				CLANG_WARN_ENUM_CONVERSION = YES;
				CLANG_WARN_INFINITE_RECURSION = YES;
				CLANG_WARN_INT_CONVERSION = YES;
				CLANG_WARN_NON_LITERAL_NULL_CONVERSION = YES;
				CLANG_WARN_OBJC_IMPLICIT_RETAIN_SELF = YES;
				CLANG_WARN_OBJC_LITERAL_CONVERSION = YES;
				CLANG_WARN_OBJC_ROOT_CLASS = YES_ERROR;
				CLANG_WARN_QUOTED_INCLUDE_IN_FRAMEWORK_HEADER = YES;
				CLANG_WARN_RANGE_LOOP_ANALYSIS = YES;
				CLANG_WARN_STRICT_PROTOTYPES = YES;
				CLANG_WARN_SUSPICIOUS_MOVE = YES;
				CLANG_WARN_UNGUARDED_AVAILABILITY = YES_AGGRESSIVE;
				CLANG_WARN_UNREACHABLE_CODE = YES;
				CLANG_WARN__DUPLICATE_METHOD_MATCH = YES;
				COPY_PHASE_STRIP = NO;
				DEBUG_INFORMATION_FORMAT = dwarf;
				ENABLE_STRICT_OBJC_MSGSEND = YES;
				ENABLE_TESTABILITY = YES;
				GCC_C_LANGUAGE_STANDARD = gnu11;
				GCC_DYNAMIC_NO_PIC = NO;
				GCC_NO_COMMON_BLOCKS = YES;
				GCC_OPTIMIZATION_LEVEL = 0;
				GCC_PREPROCESSOR_DEFINITIONS = (
					"DEBUG=1",
					"$(inherited)",
				);
				GCC_WARN_64_TO_32_BIT_CONVERSION = YES;
				GCC_WARN_ABOUT_RETURN_TYPE = YES_ERROR;
				GCC_WARN_UNDECLARED_SELECTOR = YES;
				GCC_WARN_UNINITIALIZED_AUTOS = YES_AGGRESSIVE;
				GCC_WARN_UNUSED_FUNCTION = YES;
				GCC_WARN_UNUSED_VARIABLE = YES;
				IPHONEOS_DEPLOYMENT_TARGET = 14.0;
				MTL_ENABLE_DEBUG_INFO = INCLUDE_SOURCE;
				MTL_FAST_MATH = YES;
				ONLY_ACTIVE_ARCH = YES;
				SDKROOT = iphoneos;
				SWIFT_ACTIVE_COMPILATION_CONDITIONS = DEBUG;
				SWIFT_OPTIMIZATION_LEVEL = "-Onone";
			};
			name = Debug;
		};
		C4BF5DF925248C5500C0A58F /* Release */ = {
			isa = XCBuildConfiguration;
			buildSettings = {
				ALWAYS_SEARCH_USER_PATHS = NO;
				CLANG_ANALYZER_NONNULL = YES;
				CLANG_ANALYZER_NUMBER_OBJECT_CONVERSION = YES_AGGRESSIVE;
				CLANG_CXX_LANGUAGE_STANDARD = "gnu++14";
				CLANG_CXX_LIBRARY = "libc++";
				CLANG_ENABLE_MODULES = YES;
				CLANG_ENABLE_OBJC_ARC = YES;
				CLANG_ENABLE_OBJC_WEAK = YES;
				CLANG_WARN_BLOCK_CAPTURE_AUTORELEASING = YES;
				CLANG_WARN_BOOL_CONVERSION = YES;
				CLANG_WARN_COMMA = YES;
				CLANG_WARN_CONSTANT_CONVERSION = YES;
				CLANG_WARN_DEPRECATED_OBJC_IMPLEMENTATIONS = YES;
				CLANG_WARN_DIRECT_OBJC_ISA_USAGE = YES_ERROR;
				CLANG_WARN_DOCUMENTATION_COMMENTS = YES;
				CLANG_WARN_EMPTY_BODY = YES;
				CLANG_WARN_ENUM_CONVERSION = YES;
				CLANG_WARN_INFINITE_RECURSION = YES;
				CLANG_WARN_INT_CONVERSION = YES;
				CLANG_WARN_NON_LITERAL_NULL_CONVERSION = YES;
				CLANG_WARN_OBJC_IMPLICIT_RETAIN_SELF = YES;
				CLANG_WARN_OBJC_LITERAL_CONVERSION = YES;
				CLANG_WARN_OBJC_ROOT_CLASS = YES_ERROR;
				CLANG_WARN_QUOTED_INCLUDE_IN_FRAMEWORK_HEADER = YES;
				CLANG_WARN_RANGE_LOOP_ANALYSIS = YES;
				CLANG_WARN_STRICT_PROTOTYPES = YES;
				CLANG_WARN_SUSPICIOUS_MOVE = YES;
				CLANG_WARN_UNGUARDED_AVAILABILITY = YES_AGGRESSIVE;
				CLANG_WARN_UNREACHABLE_CODE = YES;
				CLANG_WARN__DUPLICATE_METHOD_MATCH = YES;
				COPY_PHASE_STRIP = NO;
				DEBUG_INFORMATION_FORMAT = "dwarf-with-dsym";
				ENABLE_NS_ASSERTIONS = NO;
				ENABLE_STRICT_OBJC_MSGSEND = YES;
				GCC_C_LANGUAGE_STANDARD = gnu11;
				GCC_NO_COMMON_BLOCKS = YES;
				GCC_WARN_64_TO_32_BIT_CONVERSION = YES;
				GCC_WARN_ABOUT_RETURN_TYPE = YES_ERROR;
				GCC_WARN_UNDECLARED_SELECTOR = YES;
				GCC_WARN_UNINITIALIZED_AUTOS = YES_AGGRESSIVE;
				GCC_WARN_UNUSED_FUNCTION = YES;
				GCC_WARN_UNUSED_VARIABLE = YES;
				IPHONEOS_DEPLOYMENT_TARGET = 14.0;
				MTL_ENABLE_DEBUG_INFO = NO;
				MTL_FAST_MATH = YES;
				SDKROOT = iphoneos;
				SWIFT_COMPILATION_MODE = wholemodule;
				SWIFT_OPTIMIZATION_LEVEL = "-O";
				VALIDATE_PRODUCT = YES;
			};
			name = Release;
		};
		C4BF5DFB25248C5500C0A58F /* Debug */ = {
			isa = XCBuildConfiguration;
			baseConfigurationReference = BD5586174AB73B3E1E7B54B8 /* Pods-EzSavior.debug.xcconfig */;
			buildSettings = {
				ASSETCATALOG_COMPILER_APPICON_NAME = AppIcon;
				ASSETCATALOG_COMPILER_GLOBAL_ACCENT_COLOR_NAME = AccentColor;
				CODE_SIGN_STYLE = Automatic;
				DEVELOPMENT_TEAM = 4555MH983H;
				INFOPLIST_FILE = EzSavior/Info.plist;
				IPHONEOS_DEPLOYMENT_TARGET = 12.4;
				LD_RUNPATH_SEARCH_PATHS = (
					"$(inherited)",
					"@executable_path/Frameworks",
				);
				PRODUCT_BUNDLE_IDENTIFIER = HattoKhing.EzSavior;
				PRODUCT_NAME = "$(TARGET_NAME)";
				SWIFT_VERSION = 5.0;
				TARGETED_DEVICE_FAMILY = "1,2";
			};
			name = Debug;
		};
		C4BF5DFC25248C5500C0A58F /* Release */ = {
			isa = XCBuildConfiguration;
			baseConfigurationReference = 68460A85898B6EBD40EE4A58 /* Pods-EzSavior.release.xcconfig */;
			buildSettings = {
				ASSETCATALOG_COMPILER_APPICON_NAME = AppIcon;
				ASSETCATALOG_COMPILER_GLOBAL_ACCENT_COLOR_NAME = AccentColor;
				CODE_SIGN_STYLE = Automatic;
				DEVELOPMENT_TEAM = 4555MH983H;
				INFOPLIST_FILE = EzSavior/Info.plist;
				IPHONEOS_DEPLOYMENT_TARGET = 12.4;
				LD_RUNPATH_SEARCH_PATHS = (
					"$(inherited)",
					"@executable_path/Frameworks",
				);
				PRODUCT_BUNDLE_IDENTIFIER = HattoKhing.EzSavior;
				PRODUCT_NAME = "$(TARGET_NAME)";
				SWIFT_VERSION = 5.0;
				TARGETED_DEVICE_FAMILY = "1,2";
			};
			name = Release;
		};
/* End XCBuildConfiguration section */

/* Begin XCConfigurationList section */
		C4BF5DE125248C5400C0A58F /* Build configuration list for PBXProject "EzSavior" */ = {
			isa = XCConfigurationList;
			buildConfigurations = (
				C4BF5DF825248C5500C0A58F /* Debug */,
				C4BF5DF925248C5500C0A58F /* Release */,
			);
			defaultConfigurationIsVisible = 0;
			defaultConfigurationName = Release;
		};
		C4BF5DFA25248C5500C0A58F /* Build configuration list for PBXNativeTarget "EzSavior" */ = {
			isa = XCConfigurationList;
			buildConfigurations = (
				C4BF5DFB25248C5500C0A58F /* Debug */,
				C4BF5DFC25248C5500C0A58F /* Release */,
			);
			defaultConfigurationIsVisible = 0;
			defaultConfigurationName = Release;
		};
/* End XCConfigurationList section */
	};
	rootObject = C4BF5DDE25248C5400C0A58F /* Project object */;
}
